// !$*UTF8*$!
{
	archiveVersion = 1;
	classes = {
	};
	objectVersion = 56;
	objects = {

/* Begin PBXBuildFile section */
		6234B2482AA27D54002F1534 /* AppetizerDetailsView.swift in Sources */ = {isa = PBXBuildFile; fileRef = 6234B2472AA27D54002F1534 /* AppetizerDetailsView.swift */; };
		6234B24A2AA27EB3002F1534 /* ImageLoaderView.swift in Sources */ = {isa = PBXBuildFile; fileRef = 6234B2492AA27EB3002F1534 /* ImageLoaderView.swift */; };
		6234B24C2AA3656E002F1534 /* NutrientsDataView.swift in Sources */ = {isa = PBXBuildFile; fileRef = 6234B24B2AA3656E002F1534 /* NutrientsDataView.swift */; };
		6262EB542A9A1B6F00D17FB8 /* AppetizersAppApp.swift in Sources */ = {isa = PBXBuildFile; fileRef = 6262EB532A9A1B6F00D17FB8 /* AppetizersAppApp.swift */; };
		6262EB562A9A1B6F00D17FB8 /* AppetizersTabView.swift in Sources */ = {isa = PBXBuildFile; fileRef = 6262EB552A9A1B6F00D17FB8 /* AppetizersTabView.swift */; };
		6262EB582A9A1B7000D17FB8 /* Assets.xcassets in Resources */ = {isa = PBXBuildFile; fileRef = 6262EB572A9A1B7000D17FB8 /* Assets.xcassets */; };
		6262EB5B2A9A1B7000D17FB8 /* Preview Assets.xcassets in Resources */ = {isa = PBXBuildFile; fileRef = 6262EB5A2A9A1B7000D17FB8 /* Preview Assets.xcassets */; };
		6262EB662A9A1F3A00D17FB8 /* AppetizersListView.swift in Sources */ = {isa = PBXBuildFile; fileRef = 6262EB652A9A1F3A00D17FB8 /* AppetizersListView.swift */; };
		6262EB682A9A1F4100D17FB8 /* AccountView.swift in Sources */ = {isa = PBXBuildFile; fileRef = 6262EB672A9A1F4100D17FB8 /* AccountView.swift */; };
		6262EB6A2A9A1F7400D17FB8 /* OrderView.swift in Sources */ = {isa = PBXBuildFile; fileRef = 6262EB692A9A1F7400D17FB8 /* OrderView.swift */; };
		6262EB6E2A9A2B7D00D17FB8 /* Appetizers.swift in Sources */ = {isa = PBXBuildFile; fileRef = 6262EB6D2A9A2B7D00D17FB8 /* Appetizers.swift */; };
		6262EB702A9A304400D17FB8 /* AppetizerListItemView.swift in Sources */ = {isa = PBXBuildFile; fileRef = 6262EB6F2A9A304400D17FB8 /* AppetizerListItemView.swift */; };
		6262EB742A9A73D500D17FB8 /* APIService.swift in Sources */ = {isa = PBXBuildFile; fileRef = 6262EB732A9A73D500D17FB8 /* APIService.swift */; };
		6262EB762A9A73FC00D17FB8 /* APIError.swift in Sources */ = {isa = PBXBuildFile; fileRef = 6262EB752A9A73FC00D17FB8 /* APIError.swift */; };
		6262EB792A9A744700D17FB8 /* APIBuilder.swift in Sources */ = {isa = PBXBuildFile; fileRef = 6262EB782A9A744700D17FB8 /* APIBuilder.swift */; };
		6262EB7B2A9A745E00D17FB8 /* HTTPMethod.swift in Sources */ = {isa = PBXBuildFile; fileRef = 6262EB7A2A9A745E00D17FB8 /* HTTPMethod.swift */; };
		6262EB7D2A9A74BB00D17FB8 /* APIEndPoints.swift in Sources */ = {isa = PBXBuildFile; fileRef = 6262EB7C2A9A74BB00D17FB8 /* APIEndPoints.swift */; };
		6262EB7F2A9A750C00D17FB8 /* APIHostURL.swift in Sources */ = {isa = PBXBuildFile; fileRef = 6262EB7E2A9A750C00D17FB8 /* APIHostURL.swift */; };
		6262EB812A9A752900D17FB8 /* HeaderKeys.swift in Sources */ = {isa = PBXBuildFile; fileRef = 6262EB802A9A752900D17FB8 /* HeaderKeys.swift */; };
		6262EB832A9A754B00D17FB8 /* ParameterKeys.swift in Sources */ = {isa = PBXBuildFile; fileRef = 6262EB822A9A754B00D17FB8 /* ParameterKeys.swift */; };
		6262EB872A9A765C00D17FB8 /* AppetizersListViewModel.swift in Sources */ = {isa = PBXBuildFile; fileRef = 6262EB862A9A765C00D17FB8 /* AppetizersListViewModel.swift */; };
		6262EB8D2A9A7BD600D17FB8 /* ActivityIndicator.swift in Sources */ = {isa = PBXBuildFile; fileRef = 6262EB8C2A9A7BD600D17FB8 /* ActivityIndicator.swift */; };
		6262EB8F2A9A7BFE00D17FB8 /* ActivityIndicatorModifier.swift in Sources */ = {isa = PBXBuildFile; fileRef = 6262EB8E2A9A7BFE00D17FB8 /* ActivityIndicatorModifier.swift */; };
		6262EB922A9A7EEB00D17FB8 /* AlertItem.swift in Sources */ = {isa = PBXBuildFile; fileRef = 6262EB912A9A7EEB00D17FB8 /* AlertItem.swift */; };
		6262EB952A9A81C300D17FB8 /* Color+Extension.swift in Sources */ = {isa = PBXBuildFile; fileRef = 6262EB942A9A81C300D17FB8 /* Color+Extension.swift */; };
/* End PBXBuildFile section */

/* Begin PBXFileReference section */
		6234B2472AA27D54002F1534 /* AppetizerDetailsView.swift */ = {isa = PBXFileReference; lastKnownFileType = sourcecode.swift; path = AppetizerDetailsView.swift; sourceTree = "<group>"; };
		6234B2492AA27EB3002F1534 /* ImageLoaderView.swift */ = {isa = PBXFileReference; lastKnownFileType = sourcecode.swift; path = ImageLoaderView.swift; sourceTree = "<group>"; };
		6234B24B2AA3656E002F1534 /* NutrientsDataView.swift */ = {isa = PBXFileReference; lastKnownFileType = sourcecode.swift; path = NutrientsDataView.swift; sourceTree = "<group>"; };
		6262EB502A9A1B6F00D17FB8 /* AppetizersApp.app */ = {isa = PBXFileReference; explicitFileType = wrapper.application; includeInIndex = 0; path = AppetizersApp.app; sourceTree = BUILT_PRODUCTS_DIR; };
		6262EB532A9A1B6F00D17FB8 /* AppetizersAppApp.swift */ = {isa = PBXFileReference; lastKnownFileType = sourcecode.swift; path = AppetizersAppApp.swift; sourceTree = "<group>"; };
		6262EB552A9A1B6F00D17FB8 /* AppetizersTabView.swift */ = {isa = PBXFileReference; lastKnownFileType = sourcecode.swift; path = AppetizersTabView.swift; sourceTree = "<group>"; };
		6262EB572A9A1B7000D17FB8 /* Assets.xcassets */ = {isa = PBXFileReference; lastKnownFileType = folder.assetcatalog; path = Assets.xcassets; sourceTree = "<group>"; };
		6262EB5A2A9A1B7000D17FB8 /* Preview Assets.xcassets */ = {isa = PBXFileReference; lastKnownFileType = folder.assetcatalog; path = "Preview Assets.xcassets"; sourceTree = "<group>"; };
		6262EB652A9A1F3A00D17FB8 /* AppetizersListView.swift */ = {isa = PBXFileReference; lastKnownFileType = sourcecode.swift; path = AppetizersListView.swift; sourceTree = "<group>"; };
		6262EB672A9A1F4100D17FB8 /* AccountView.swift */ = {isa = PBXFileReference; lastKnownFileType = sourcecode.swift; path = AccountView.swift; sourceTree = "<group>"; };
		6262EB692A9A1F7400D17FB8 /* OrderView.swift */ = {isa = PBXFileReference; lastKnownFileType = sourcecode.swift; path = OrderView.swift; sourceTree = "<group>"; };
		6262EB6D2A9A2B7D00D17FB8 /* Appetizers.swift */ = {isa = PBXFileReference; lastKnownFileType = sourcecode.swift; path = Appetizers.swift; sourceTree = "<group>"; };
		6262EB6F2A9A304400D17FB8 /* AppetizerListItemView.swift */ = {isa = PBXFileReference; lastKnownFileType = sourcecode.swift; path = AppetizerListItemView.swift; sourceTree = "<group>"; };
		6262EB732A9A73D500D17FB8 /* APIService.swift */ = {isa = PBXFileReference; lastKnownFileType = sourcecode.swift; path = APIService.swift; sourceTree = "<group>"; };
		6262EB752A9A73FC00D17FB8 /* APIError.swift */ = {isa = PBXFileReference; lastKnownFileType = sourcecode.swift; path = APIError.swift; sourceTree = "<group>"; };
		6262EB782A9A744700D17FB8 /* APIBuilder.swift */ = {isa = PBXFileReference; lastKnownFileType = sourcecode.swift; path = APIBuilder.swift; sourceTree = "<group>"; };
		6262EB7A2A9A745E00D17FB8 /* HTTPMethod.swift */ = {isa = PBXFileReference; lastKnownFileType = sourcecode.swift; path = HTTPMethod.swift; sourceTree = "<group>"; };
		6262EB7C2A9A74BB00D17FB8 /* APIEndPoints.swift */ = {isa = PBXFileReference; lastKnownFileType = sourcecode.swift; path = APIEndPoints.swift; sourceTree = "<group>"; };
		6262EB7E2A9A750C00D17FB8 /* APIHostURL.swift */ = {isa = PBXFileReference; lastKnownFileType = sourcecode.swift; path = APIHostURL.swift; sourceTree = "<group>"; };
		6262EB802A9A752900D17FB8 /* HeaderKeys.swift */ = {isa = PBXFileReference; lastKnownFileType = sourcecode.swift; path = HeaderKeys.swift; sourceTree = "<group>"; };
		6262EB822A9A754B00D17FB8 /* ParameterKeys.swift */ = {isa = PBXFileReference; lastKnownFileType = sourcecode.swift; path = ParameterKeys.swift; sourceTree = "<group>"; };
		6262EB862A9A765C00D17FB8 /* AppetizersListViewModel.swift */ = {isa = PBXFileReference; lastKnownFileType = sourcecode.swift; path = AppetizersListViewModel.swift; sourceTree = "<group>"; };
		6262EB8C2A9A7BD600D17FB8 /* ActivityIndicator.swift */ = {isa = PBXFileReference; lastKnownFileType = sourcecode.swift; path = ActivityIndicator.swift; sourceTree = "<group>"; };
		6262EB8E2A9A7BFE00D17FB8 /* ActivityIndicatorModifier.swift */ = {isa = PBXFileReference; lastKnownFileType = sourcecode.swift; path = ActivityIndicatorModifier.swift; sourceTree = "<group>"; };
		6262EB912A9A7EEB00D17FB8 /* AlertItem.swift */ = {isa = PBXFileReference; lastKnownFileType = sourcecode.swift; path = AlertItem.swift; sourceTree = "<group>"; };
		6262EB942A9A81C300D17FB8 /* Color+Extension.swift */ = {isa = PBXFileReference; lastKnownFileType = sourcecode.swift; path = "Color+Extension.swift"; sourceTree = "<group>"; };
/* End PBXFileReference section */

/* Begin PBXFrameworksBuildPhase section */
		6262EB4D2A9A1B6F00D17FB8 /* Frameworks */ = {
			isa = PBXFrameworksBuildPhase;
			buildActionMask = 2147483647;
			files = (
			);
			runOnlyForDeploymentPostprocessing = 0;
		};
/* End PBXFrameworksBuildPhase section */

/* Begin PBXGroup section */
		6234B2452AA27D3F002F1534 /* List */ = {
			isa = PBXGroup;
			children = (
				6262EB852A9A764F00D17FB8 /* ViewModel */,
				6262EB842A9A764B00D17FB8 /* View */,
			);
			path = List;
			sourceTree = "<group>";
		};
		6234B2462AA27D45002F1534 /* Details */ = {
			isa = PBXGroup;
			children = (
				6234B2472AA27D54002F1534 /* AppetizerDetailsView.swift */,
			);
			path = Details;
			sourceTree = "<group>";
		};
		6262EB472A9A1B6F00D17FB8 = {
			isa = PBXGroup;
			children = (
				6262EB522A9A1B6F00D17FB8 /* AppetizersApp */,
				6262EB512A9A1B6F00D17FB8 /* Products */,
			);
			sourceTree = "<group>";
		};
		6262EB512A9A1B6F00D17FB8 /* Products */ = {
			isa = PBXGroup;
			children = (
				6262EB502A9A1B6F00D17FB8 /* AppetizersApp.app */,
			);
			name = Products;
			sourceTree = "<group>";
		};
		6262EB522A9A1B6F00D17FB8 /* AppetizersApp */ = {
			isa = PBXGroup;
			children = (
				6262EB532A9A1B6F00D17FB8 /* AppetizersAppApp.swift */,
				6262EB552A9A1B6F00D17FB8 /* AppetizersTabView.swift */,
				6262EB712A9A737B00D17FB8 /* Infrastructure */,
				6262EB6B2A9A2B6C00D17FB8 /* Domain */,
				6262EB612A9A1E7100D17FB8 /* Features */,
				6262EB572A9A1B7000D17FB8 /* Assets.xcassets */,
				6262EB592A9A1B7000D17FB8 /* Preview Content */,
			);
			path = AppetizersApp;
			sourceTree = "<group>";
		};
		6262EB592A9A1B7000D17FB8 /* Preview Content */ = {
			isa = PBXGroup;
			children = (
				6262EB5A2A9A1B7000D17FB8 /* Preview Assets.xcassets */,
			);
			path = "Preview Content";
			sourceTree = "<group>";
		};
		6262EB612A9A1E7100D17FB8 /* Features */ = {
			isa = PBXGroup;
			children = (
				6262EB622A9A1E7C00D17FB8 /* AppetizersList */,
				6262EB632A9A1E8A00D17FB8 /* Account */,
				6262EB642A9A1E8E00D17FB8 /* Order */,
			);
			path = Features;
			sourceTree = "<group>";
		};
		6262EB622A9A1E7C00D17FB8 /* AppetizersList */ = {
			isa = PBXGroup;
			children = (
				6234B2462AA27D45002F1534 /* Details */,
				6234B2452AA27D3F002F1534 /* List */,
			);
			path = AppetizersList;
			sourceTree = "<group>";
		};
		6262EB632A9A1E8A00D17FB8 /* Account */ = {
			isa = PBXGroup;
			children = (
				6262EB672A9A1F4100D17FB8 /* AccountView.swift */,
			);
			path = Account;
			sourceTree = "<group>";
		};
		6262EB642A9A1E8E00D17FB8 /* Order */ = {
			isa = PBXGroup;
			children = (
				6262EB692A9A1F7400D17FB8 /* OrderView.swift */,
			);
			path = Order;
			sourceTree = "<group>";
		};
		6262EB6B2A9A2B6C00D17FB8 /* Domain */ = {
			isa = PBXGroup;
			children = (
				6262EB6C2A9A2B7300D17FB8 /* Entities */,
			);
			path = Domain;
			sourceTree = "<group>";
		};
		6262EB6C2A9A2B7300D17FB8 /* Entities */ = {
			isa = PBXGroup;
			children = (
				6262EB6D2A9A2B7D00D17FB8 /* Appetizers.swift */,
			);
			path = Entities;
			sourceTree = "<group>";
		};
		6262EB712A9A737B00D17FB8 /* Infrastructure */ = {
			isa = PBXGroup;
			children = (
				6262EB932A9A81BA00D17FB8 /* Extensions */,
				6262EB902A9A7EE500D17FB8 /* HelperModels */,
				6262EB882A9A7B1400D17FB8 /* UtilityViews */,
				6262EB772A9A743800D17FB8 /* APIBuilder */,
				6262EB722A9A73A100D17FB8 /* APIService */,
			);
			path = Infrastructure;
			sourceTree = "<group>";
		};
		6262EB722A9A73A100D17FB8 /* APIService */ = {
			isa = PBXGroup;
			children = (
				6262EB732A9A73D500D17FB8 /* APIService.swift */,
				6262EB752A9A73FC00D17FB8 /* APIError.swift */,
			);
			path = APIService;
			sourceTree = "<group>";
		};
		6262EB772A9A743800D17FB8 /* APIBuilder */ = {
			isa = PBXGroup;
			children = (
				6262EB782A9A744700D17FB8 /* APIBuilder.swift */,
				6262EB7A2A9A745E00D17FB8 /* HTTPMethod.swift */,
				6262EB7C2A9A74BB00D17FB8 /* APIEndPoints.swift */,
				6262EB7E2A9A750C00D17FB8 /* APIHostURL.swift */,
				6262EB802A9A752900D17FB8 /* HeaderKeys.swift */,
				6262EB822A9A754B00D17FB8 /* ParameterKeys.swift */,
			);
			path = APIBuilder;
			sourceTree = "<group>";
		};
		6262EB842A9A764B00D17FB8 /* View */ = {
			isa = PBXGroup;
			children = (
				6262EB652A9A1F3A00D17FB8 /* AppetizersListView.swift */,
				6262EB6F2A9A304400D17FB8 /* AppetizerListItemView.swift */,
			);
			path = View;
			sourceTree = "<group>";
		};
		6262EB852A9A764F00D17FB8 /* ViewModel */ = {
			isa = PBXGroup;
			children = (
				6262EB862A9A765C00D17FB8 /* AppetizersListViewModel.swift */,
			);
			path = ViewModel;
			sourceTree = "<group>";
		};
		6262EB882A9A7B1400D17FB8 /* UtilityViews */ = {
			isa = PBXGroup;
			children = (
				6262EB8B2A9A7BC700D17FB8 /* LoadingIndicator */,
				6234B2492AA27EB3002F1534 /* ImageLoaderView.swift */,
				6234B24B2AA3656E002F1534 /* NutrientsDataView.swift */,
			);
			path = UtilityViews;
			sourceTree = "<group>";
		};
		6262EB8B2A9A7BC700D17FB8 /* LoadingIndicator */ = {
			isa = PBXGroup;
			children = (
				6262EB8C2A9A7BD600D17FB8 /* ActivityIndicator.swift */,
				6262EB8E2A9A7BFE00D17FB8 /* ActivityIndicatorModifier.swift */,
			);
			path = LoadingIndicator;
			sourceTree = "<group>";
		};
		6262EB902A9A7EE500D17FB8 /* HelperModels */ = {
			isa = PBXGroup;
			children = (
				6262EB912A9A7EEB00D17FB8 /* AlertItem.swift */,
			);
			path = HelperModels;
			sourceTree = "<group>";
		};
		6262EB932A9A81BA00D17FB8 /* Extensions */ = {
			isa = PBXGroup;
			children = (
				6262EB942A9A81C300D17FB8 /* Color+Extension.swift */,
			);
			path = Extensions;
			sourceTree = "<group>";
		};
/* End PBXGroup section */

/* Begin PBXNativeTarget section */
		6262EB4F2A9A1B6F00D17FB8 /* AppetizersApp */ = {
			isa = PBXNativeTarget;
			buildConfigurationList = 6262EB5E2A9A1B7000D17FB8 /* Build configuration list for PBXNativeTarget "AppetizersApp" */;
			buildPhases = (
				6262EB4C2A9A1B6F00D17FB8 /* Sources */,
				6262EB4D2A9A1B6F00D17FB8 /* Frameworks */,
				6262EB4E2A9A1B6F00D17FB8 /* Resources */,
			);
			buildRules = (
			);
			dependencies = (
			);
			name = AppetizersApp;
			productName = AppetizersApp;
			productReference = 6262EB502A9A1B6F00D17FB8 /* AppetizersApp.app */;
			productType = "com.apple.product-type.application";
		};
/* End PBXNativeTarget section */

/* Begin PBXProject section */
		6262EB482A9A1B6F00D17FB8 /* Project object */ = {
			isa = PBXProject;
			attributes = {
				BuildIndependentTargetsInParallel = 1;
				LastSwiftUpdateCheck = 1430;
				LastUpgradeCheck = 1430;
				TargetAttributes = {
					6262EB4F2A9A1B6F00D17FB8 = {
						CreatedOnToolsVersion = 14.3.1;
					};
				};
			};
			buildConfigurationList = 6262EB4B2A9A1B6F00D17FB8 /* Build configuration list for PBXProject "AppetizersApp" */;
			compatibilityVersion = "Xcode 14.0";
			developmentRegion = en;
			hasScannedForEncodings = 0;
			knownRegions = (
				en,
				Base,
			);
			mainGroup = 6262EB472A9A1B6F00D17FB8;
			productRefGroup = 6262EB512A9A1B6F00D17FB8 /* Products */;
			projectDirPath = "";
			projectRoot = "";
			targets = (
				6262EB4F2A9A1B6F00D17FB8 /* AppetizersApp */,
			);
		};
/* End PBXProject section */

/* Begin PBXResourcesBuildPhase section */
		6262EB4E2A9A1B6F00D17FB8 /* Resources */ = {
			isa = PBXResourcesBuildPhase;
			buildActionMask = 2147483647;
			files = (
				6262EB5B2A9A1B7000D17FB8 /* Preview Assets.xcassets in Resources */,
				6262EB582A9A1B7000D17FB8 /* Assets.xcassets in Resources */,
			);
			runOnlyForDeploymentPostprocessing = 0;
		};
/* End PBXResourcesBuildPhase section */

/* Begin PBXSourcesBuildPhase section */
		6262EB4C2A9A1B6F00D17FB8 /* Sources */ = {
			isa = PBXSourcesBuildPhase;
			buildActionMask = 2147483647;
			files = (
				6262EB952A9A81C300D17FB8 /* Color+Extension.swift in Sources */,
				6262EB702A9A304400D17FB8 /* AppetizerListItemView.swift in Sources */,
				6262EB832A9A754B00D17FB8 /* ParameterKeys.swift in Sources */,
				6262EB682A9A1F4100D17FB8 /* AccountView.swift in Sources */,
				6262EB562A9A1B6F00D17FB8 /* AppetizersTabView.swift in Sources */,
				6262EB7B2A9A745E00D17FB8 /* HTTPMethod.swift in Sources */,
				6262EB542A9A1B6F00D17FB8 /* AppetizersAppApp.swift in Sources */,
				6262EB662A9A1F3A00D17FB8 /* AppetizersListView.swift in Sources */,
				6262EB872A9A765C00D17FB8 /* AppetizersListViewModel.swift in Sources */,
				6234B2482AA27D54002F1534 /* AppetizerDetailsView.swift in Sources */,
				6262EB8F2A9A7BFE00D17FB8 /* ActivityIndicatorModifier.swift in Sources */,
				6262EB6E2A9A2B7D00D17FB8 /* Appetizers.swift in Sources */,
				6262EB742A9A73D500D17FB8 /* APIService.swift in Sources */,
				6262EB6A2A9A1F7400D17FB8 /* OrderView.swift in Sources */,
				6262EB922A9A7EEB00D17FB8 /* AlertItem.swift in Sources */,
				6262EB792A9A744700D17FB8 /* APIBuilder.swift in Sources */,
				6262EB762A9A73FC00D17FB8 /* APIError.swift in Sources */,
				6262EB7F2A9A750C00D17FB8 /* APIHostURL.swift in Sources */,
				6262EB812A9A752900D17FB8 /* HeaderKeys.swift in Sources */,
				6262EB8D2A9A7BD600D17FB8 /* ActivityIndicator.swift in Sources */,
				6234B24C2AA3656E002F1534 /* NutrientsDataView.swift in Sources */,
				6262EB7D2A9A74BB00D17FB8 /* APIEndPoints.swift in Sources */,
				6234B24A2AA27EB3002F1534 /* ImageLoaderView.swift in Sources */,
			);
			runOnlyForDeploymentPostprocessing = 0;
		};
/* End PBXSourcesBuildPhase section */

/* Begin XCBuildConfiguration section */
		6262EB5C2A9A1B7000D17FB8 /* Debug */ = {
			isa = XCBuildConfiguration;
			buildSettings = {
				ALWAYS_SEARCH_USER_PATHS = NO;
				CLANG_ANALYZER_NONNULL = YES;
				CLANG_ANALYZER_NUMBER_OBJECT_CONVERSION = YES_AGGRESSIVE;
				CLANG_CXX_LANGUAGE_STANDARD = "gnu++20";
				CLANG_ENABLE_MODULES = YES;
				CLANG_ENABLE_OBJC_ARC = YES;
				CLANG_ENABLE_OBJC_WEAK = YES;
				CLANG_WARN_BLOCK_CAPTURE_AUTORELEASING = YES;
				CLANG_WARN_BOOL_CONVERSION = YES;
				CLANG_WARN_COMMA = YES;
				CLANG_WARN_CONSTANT_CONVERSION = YES;
				CLANG_WARN_DEPRECATED_OBJC_IMPLEMENTATIONS = YES;
				CLANG_WARN_DIRECT_OBJC_ISA_USAGE = YES_ERROR;
				CLANG_WARN_DOCUMENTATION_COMMENTS = YES;
				CLANG_WARN_EMPTY_BODY = YES;
				CLANG_WARN_ENUM_CONVERSION = YES;
				CLANG_WARN_INFINITE_RECURSION = YES;
				CLANG_WARN_INT_CONVERSION = YES;
				CLANG_WARN_NON_LITERAL_NULL_CONVERSION = YES;
				CLANG_WARN_OBJC_IMPLICIT_RETAIN_SELF = YES;
				CLANG_WARN_OBJC_LITERAL_CONVERSION = YES;
				CLANG_WARN_OBJC_ROOT_CLASS = YES_ERROR;
				CLANG_WARN_QUOTED_INCLUDE_IN_FRAMEWORK_HEADER = YES;
				CLANG_WARN_RANGE_LOOP_ANALYSIS = YES;
				CLANG_WARN_STRICT_PROTOTYPES = YES;
				CLANG_WARN_SUSPICIOUS_MOVE = YES;
				CLANG_WARN_UNGUARDED_AVAILABILITY = YES_AGGRESSIVE;
				CLANG_WARN_UNREACHABLE_CODE = YES;
				CLANG_WARN__DUPLICATE_METHOD_MATCH = YES;
				COPY_PHASE_STRIP = NO;
				DEBUG_INFORMATION_FORMAT = dwarf;
				ENABLE_STRICT_OBJC_MSGSEND = YES;
				ENABLE_TESTABILITY = YES;
				GCC_C_LANGUAGE_STANDARD = gnu11;
				GCC_DYNAMIC_NO_PIC = NO;
				GCC_NO_COMMON_BLOCKS = YES;
				GCC_OPTIMIZATION_LEVEL = 0;
				GCC_PREPROCESSOR_DEFINITIONS = (
					"DEBUG=1",
					"$(inherited)",
				);
				GCC_WARN_64_TO_32_BIT_CONVERSION = YES;
				GCC_WARN_ABOUT_RETURN_TYPE = YES_ERROR;
				GCC_WARN_UNDECLARED_SELECTOR = YES;
				GCC_WARN_UNINITIALIZED_AUTOS = YES_AGGRESSIVE;
				GCC_WARN_UNUSED_FUNCTION = YES;
				GCC_WARN_UNUSED_VARIABLE = YES;
				IPHONEOS_DEPLOYMENT_TARGET = 16.4;
				MTL_ENABLE_DEBUG_INFO = INCLUDE_SOURCE;
				MTL_FAST_MATH = YES;
				ONLY_ACTIVE_ARCH = YES;
				SDKROOT = iphoneos;
				SWIFT_ACTIVE_COMPILATION_CONDITIONS = DEBUG;
				SWIFT_OPTIMIZATION_LEVEL = "-Onone";
			};
			name = Debug;
		};
		6262EB5D2A9A1B7000D17FB8 /* Release */ = {
			isa = XCBuildConfiguration;
			buildSettings = {
				ALWAYS_SEARCH_USER_PATHS = NO;
				CLANG_ANALYZER_NONNULL = YES;
				CLANG_ANALYZER_NUMBER_OBJECT_CONVERSION = YES_AGGRESSIVE;
				CLANG_CXX_LANGUAGE_STANDARD = "gnu++20";
				CLANG_ENABLE_MODULES = YES;
				CLANG_ENABLE_OBJC_ARC = YES;
				CLANG_ENABLE_OBJC_WEAK = YES;
				CLANG_WARN_BLOCK_CAPTURE_AUTORELEASING = YES;
				CLANG_WARN_BOOL_CONVERSION = YES;
				CLANG_WARN_COMMA = YES;
				CLANG_WARN_CONSTANT_CONVERSION = YES;
				CLANG_WARN_DEPRECATED_OBJC_IMPLEMENTATIONS = YES;
				CLANG_WARN_DIRECT_OBJC_ISA_USAGE = YES_ERROR;
				CLANG_WARN_DOCUMENTATION_COMMENTS = YES;
				CLANG_WARN_EMPTY_BODY = YES;
				CLANG_WARN_ENUM_CONVERSION = YES;
				CLANG_WARN_INFINITE_RECURSION = YES;
				CLANG_WARN_INT_CONVERSION = YES;
				CLANG_WARN_NON_LITERAL_NULL_CONVERSION = YES;
				CLANG_WARN_OBJC_IMPLICIT_RETAIN_SELF = YES;
				CLANG_WARN_OBJC_LITERAL_CONVERSION = YES;
				CLANG_WARN_OBJC_ROOT_CLASS = YES_ERROR;
				CLANG_WARN_QUOTED_INCLUDE_IN_FRAMEWORK_HEADER = YES;
				CLANG_WARN_RANGE_LOOP_ANALYSIS = YES;
				CLANG_WARN_STRICT_PROTOTYPES = YES;
				CLANG_WARN_SUSPICIOUS_MOVE = YES;
				CLANG_WARN_UNGUARDED_AVAILABILITY = YES_AGGRESSIVE;
				CLANG_WARN_UNREACHABLE_CODE = YES;
				CLANG_WARN__DUPLICATE_METHOD_MATCH = YES;
				COPY_PHASE_STRIP = NO;
				DEBUG_INFORMATION_FORMAT = "dwarf-with-dsym";
				ENABLE_NS_ASSERTIONS = NO;
				ENABLE_STRICT_OBJC_MSGSEND = YES;
				GCC_C_LANGUAGE_STANDARD = gnu11;
				GCC_NO_COMMON_BLOCKS = YES;
				GCC_WARN_64_TO_32_BIT_CONVERSION = YES;
				GCC_WARN_ABOUT_RETURN_TYPE = YES_ERROR;
				GCC_WARN_UNDECLARED_SELECTOR = YES;
				GCC_WARN_UNINITIALIZED_AUTOS = YES_AGGRESSIVE;
				GCC_WARN_UNUSED_FUNCTION = YES;
				GCC_WARN_UNUSED_VARIABLE = YES;
				IPHONEOS_DEPLOYMENT_TARGET = 16.4;
				MTL_ENABLE_DEBUG_INFO = NO;
				MTL_FAST_MATH = YES;
				SDKROOT = iphoneos;
				SWIFT_COMPILATION_MODE = wholemodule;
				SWIFT_OPTIMIZATION_LEVEL = "-O";
				VALIDATE_PRODUCT = YES;
			};
			name = Release;
		};
		6262EB5F2A9A1B7000D17FB8 /* Debug */ = {
			isa = XCBuildConfiguration;
			buildSettings = {
				ASSETCATALOG_COMPILER_APPICON_NAME = AppIcon;
				ASSETCATALOG_COMPILER_GLOBAL_ACCENT_COLOR_NAME = AccentColor;
				CODE_SIGN_STYLE = Automatic;
				CURRENT_PROJECT_VERSION = 1;
				DEVELOPMENT_ASSET_PATHS = "\"AppetizersApp/Preview Content\"";
				DEVELOPMENT_TEAM = SKQ6J4JJN6;
				ENABLE_PREVIEWS = YES;
				GENERATE_INFOPLIST_FILE = YES;
				INFOPLIST_KEY_UIApplicationSceneManifest_Generation = YES;
				INFOPLIST_KEY_UIApplicationSupportsIndirectInputEvents = YES;
				INFOPLIST_KEY_UILaunchScreen_Generation = YES;
				INFOPLIST_KEY_UISupportedInterfaceOrientations_iPad = "UIInterfaceOrientationPortrait UIInterfaceOrientationPortraitUpsideDown UIInterfaceOrientationLandscapeLeft UIInterfaceOrientationLandscapeRight";
				INFOPLIST_KEY_UISupportedInterfaceOrientations_iPhone = "UIInterfaceOrientationPortrait UIInterfaceOrientationLandscapeLeft UIInterfaceOrientationLandscapeRight";
				LD_RUNPATH_SEARCH_PATHS = (
					"$(inherited)",
					"@executable_path/Frameworks",
				);
				MARKETING_VERSION = 1.0;
				PRODUCT_BUNDLE_IDENTIFIER = com.mahmoud.aziz.AppetizersApp;
				PRODUCT_NAME = "$(TARGET_NAME)";
				SWIFT_EMIT_LOC_STRINGS = YES;
				SWIFT_VERSION = 5.0;
				TARGETED_DEVICE_FAMILY = "1,2";
			};
			name = Debug;
		};
		6262EB602A9A1B7000D17FB8 /* Release */ = {
			isa = XCBuildConfiguration;
			buildSettings = {
				ASSETCATALOG_COMPILER_APPICON_NAME = AppIcon;
				ASSETCATALOG_COMPILER_GLOBAL_ACCENT_COLOR_NAME = AccentColor;
				CODE_SIGN_STYLE = Automatic;
				CURRENT_PROJECT_VERSION = 1;
				DEVELOPMENT_ASSET_PATHS = "\"AppetizersApp/Preview Content\"";
				DEVELOPMENT_TEAM = SKQ6J4JJN6;
				ENABLE_PREVIEWS = YES;
				GENERATE_INFOPLIST_FILE = YES;
				INFOPLIST_KEY_UIApplicationSceneManifest_Generation = YES;
				INFOPLIST_KEY_UIApplicationSupportsIndirectInputEvents = YES;
				INFOPLIST_KEY_UILaunchScreen_Generation = YES;
				INFOPLIST_KEY_UISupportedInterfaceOrientations_iPad = "UIInterfaceOrientationPortrait UIInterfaceOrientationPortraitUpsideDown UIInterfaceOrientationLandscapeLeft UIInterfaceOrientationLandscapeRight";
				INFOPLIST_KEY_UISupportedInterfaceOrientations_iPhone = "UIInterfaceOrientationPortrait UIInterfaceOrientationLandscapeLeft UIInterfaceOrientationLandscapeRight";
				LD_RUNPATH_SEARCH_PATHS = (
					"$(inherited)",
					"@executable_path/Frameworks",
				);
				MARKETING_VERSION = 1.0;
				PRODUCT_BUNDLE_IDENTIFIER = com.mahmoud.aziz.AppetizersApp;
				PRODUCT_NAME = "$(TARGET_NAME)";
				SWIFT_EMIT_LOC_STRINGS = YES;
				SWIFT_VERSION = 5.0;
				TARGETED_DEVICE_FAMILY = "1,2";
			};
			name = Release;
		};
/* End XCBuildConfiguration section */

/* Begin XCConfigurationList section */
		6262EB4B2A9A1B6F00D17FB8 /* Build configuration list for PBXProject "AppetizersApp" */ = {
			isa = XCConfigurationList;
			buildConfigurations = (
				6262EB5C2A9A1B7000D17FB8 /* Debug */,
				6262EB5D2A9A1B7000D17FB8 /* Release */,
			);
			defaultConfigurationIsVisible = 0;
			defaultConfigurationName = Release;
		};
		6262EB5E2A9A1B7000D17FB8 /* Build configuration list for PBXNativeTarget "AppetizersApp" */ = {
			isa = XCConfigurationList;
			buildConfigurations = (
				6262EB5F2A9A1B7000D17FB8 /* Debug */,
				6262EB602A9A1B7000D17FB8 /* Release */,
			);
			defaultConfigurationIsVisible = 0;
			defaultConfigurationName = Release;
		};
/* End XCConfigurationList section */
	};
	rootObject = 6262EB482A9A1B6F00D17FB8 /* Project object */;
}
